
Microsoft Visual Studio Solution File, Format Version 12.00
# Visual Studio Version 17
VisualStudioVersion = 17.7.34031.279
MinimumVisualStudioVersion = 10.0.40219.1
Project("{FAE04EC0-301F-11D3-BF4B-00C04F79EFBC}") = "KTTH", "KTTH.csproj", "{C15E85C3-0289-4F83-8894-BAEB964CF546}"
EndProject
Global
	GlobalSection(SolutionConfigurationPlatforms) = preSolution
		Debug|Any CPU = Debug|Any CPU
		Release|Any CPU = Release|Any CPU
	EndGlobalSection
	GlobalSection(ProjectConfigurationPlatforms) = postSolution
		{C15E85C3-0289-4F83-8894-BAEB964CF546}.Debug|Any CPU.ActiveCfg = Debug|Any CPU
		{C15E85C3-0289-4F83-8894-BAEB964CF546}.Debug|Any CPU.Build.0 = Debug|Any CPU
		{C15E85C3-0289-4F83-8894-BAEB964CF546}.Release|Any CPU.ActiveCfg = Release|Any CPU
		{C15E85C3-0289-4F83-8894-BAEB964CF546}.Release|Any CPU.Build.0 = Release|Any CPU
	EndGlobalSection
	GlobalSection(SolutionProperties) = preSolution
		HideSolutionNode = FALSE
	EndGlobalSection
	GlobalSection(ExtensibilityGlobals) = postSolution
		SolutionGuid = {DAD2AE5A-7143-40CE-9E50-256AE1F6D1C2}
	EndGlobalSection
EndGlobal
