
Microsoft Visual Studio Solution File, Format Version 12.00
# Visual Studio Version 17
VisualStudioVersion = 17.7.34031.279
MinimumVisualStudioVersion = 10.0.40219.1
Project("{FAE04EC0-301F-11D3-BF4B-00C04F79EFBC}") = "WindowsFormsApp1", "WindowsFormsApp1\WindowsFormsApp1.csproj", "{CAA3499D-94FA-4561-AF4F-FFCD6AB2FE52}"
EndProject
Global
	GlobalSection(SolutionConfigurationPlatforms) = preSolution
		Debug|Any CPU = Debug|Any CPU
		Release|Any CPU = Release|Any CPU
	EndGlobalSection
	GlobalSection(ProjectConfigurationPlatforms) = postSolution
		{CAA3499D-94FA-4561-AF4F-FFCD6AB2FE52}.Debug|Any CPU.ActiveCfg = Debug|Any CPU
		{CAA3499D-94FA-4561-AF4F-FFCD6AB2FE52}.Debug|Any CPU.Build.0 = Debug|Any CPU
		{CAA3499D-94FA-4561-AF4F-FFCD6AB2FE52}.Release|Any CPU.ActiveCfg = Release|Any CPU
		{CAA3499D-94FA-4561-AF4F-FFCD6AB2FE52}.Release|Any CPU.Build.0 = Release|Any CPU
	EndGlobalSection
	GlobalSection(SolutionProperties) = preSolution
		HideSolutionNode = FALSE
	EndGlobalSection
	GlobalSection(ExtensibilityGlobals) = postSolution
		SolutionGuid = {70B9A52E-0234-43FA-84F3-70D4C474C831}
	EndGlobalSection
EndGlobal
